<?xml version="1.0" encoding="UTF-8"?>
<CodeBlocks_project_file>
	<FileVersion major="1" minor="6"/>
	<Project>
		<Option title="SmartWardrobeGUI"/>
		<Option makefile_is_custom="1"/>
		<Option compiler="gcc"/>
		<Option virtualFolders="CMake Files\;CMake Files\..\;CMake Files\..\..\;CMake Files\..\..\..\;CMake Files\..\..\..\..\;CMake Files\..\..\..\..\..\;CMake Files\..\..\..\..\..\usr\;CMake Files\..\..\..\..\..\usr\lib\;CMake Files\..\..\..\..\..\usr\lib\aarch64-linux-gnu\;CMake Files\..\..\..\..\..\usr\lib\aarch64-linux-gnu\cmake\;CMake Files\..\..\..\..\..\usr\lib\aarch64-linux-gnu\cmake\Qt5\;CMake Files\..\..\..\..\..\usr\lib\aarch64-linux-gnu\cmake\Qt5Core\;CMake Files\..\..\..\..\..\usr\lib\aarch64-linux-gnu\cmake\Qt5Widgets\;CMake Files\..\..\..\..\..\usr\lib\aarch64-linux-gnu\cmake\Qt5Gui\;CMake Files\..\..\..\..\..\usr\lib\aarch64-linux-gnu\cmake\Qt5Sql\;CMake Files\..\..\..\..\..\usr\lib\aarch64-linux-gnu\cmake\Qt5SerialPort\;CMake Files\..\..\..\..\..\usr\lib\aarch64-linux-gnu\cmake\Qt5Svg\;CMake Files\..\..\..\..\..\usr\local\;CMake Files\..\..\..\..\..\usr\local\zed\;CMake Files\..\..\..\..\..\usr\local\lib\;CMake Files\..\..\..\..\..\usr\local\lib\cmake\;CMake Files\..\..\..\..\..\usr\local\lib\cmake\opencv4\;"/>
		<Build>
			<Target title="all">
				<Option working_dir="/home/jun/Github/SmartWardrobe/build-SmartWardrobeGUI-Desktop-Default"/>
				<Option type="4"/>
				<MakeCommands>
					<Build command="/usr/bin/make -j8 -f &quot;/home/jun/Github/SmartWardrobe/build-SmartWardrobeGUI-Desktop-Default/Makefile&quot;  VERBOSE=1 all"/>
					<CompileFile command="/usr/bin/make -j8 -f &quot;/home/jun/Github/SmartWardrobe/build-SmartWardrobeGUI-Desktop-Default/Makefile&quot;  VERBOSE=1 &quot;$file&quot;"/>
					<Clean command="/usr/bin/make -j8 -f &quot;/home/jun/Github/SmartWardrobe/build-SmartWardrobeGUI-Desktop-Default/Makefile&quot;  VERBOSE=1 clean"/>
					<DistClean command="/usr/bin/make -j8 -f &quot;/home/jun/Github/SmartWardrobe/build-SmartWardrobeGUI-Desktop-Default/Makefile&quot;  VERBOSE=1 clean"/>
				</MakeCommands>
			</Target>
			<Target title="rebuild_cache">
				<Option working_dir="/home/jun/Github/SmartWardrobe/build-SmartWardrobeGUI-Desktop-Default"/>
				<Option type="4"/>
				<MakeCommands>
					<Build command="/usr/bin/make -j8 -f &quot;/home/jun/Github/SmartWardrobe/build-SmartWardrobeGUI-Desktop-Default/Makefile&quot;  VERBOSE=1 rebuild_cache"/>
					<CompileFile command="/usr/bin/make -j8 -f &quot;/home/jun/Github/SmartWardrobe/build-SmartWardrobeGUI-Desktop-Default/Makefile&quot;  VERBOSE=1 &quot;$file&quot;"/>
					<Clean command="/usr/bin/make -j8 -f &quot;/home/jun/Github/SmartWardrobe/build-SmartWardrobeGUI-Desktop-Default/Makefile&quot;  VERBOSE=1 clean"/>
					<DistClean command="/usr/bin/make -j8 -f &quot;/home/jun/Github/SmartWardrobe/build-SmartWardrobeGUI-Desktop-Default/Makefile&quot;  VERBOSE=1 clean"/>
				</MakeCommands>
			</Target>
			<Target title="SmartWardrobeGUI">
				<Option output="/home/jun/Github/SmartWardrobe/build-SmartWardrobeGUI-Desktop-Default/SmartWardrobeGUI" prefix_auto="0" extension_auto="0"/>
				<Option working_dir="/home/jun/Github/SmartWardrobe/build-SmartWardrobeGUI-Desktop-Default"/>
				<Option object_output="./"/>
				<Option type="0"/>
				<Option compiler="gcc"/>
				<Compiler>
					<Add option="-DQT_WIDGETS_LIB"/>
					<Add option="-DQT_GUI_LIB"/>
					<Add option="-DQT_CORE_LIB"/>
					<Add option="-DQT_NO_DEBUG"/>
					<Add option="-DQT_SQL_LIB"/>
					<Add option="-DQT_SERIALPORT_LIB"/>
					<Add option="-DQT_SVG_LIB"/>
					<Add directory="/home/jun/Github/SmartWardrobe/build-SmartWardrobeGUI-Desktop-Default"/>
					<Add directory="/home/jun/Github/SmartWardrobe/SmartWardrobeGUI"/>
					<Add directory="/home/jun/Github/SmartWardrobe/build-SmartWardrobeGUI-Desktop-Default/SmartWardrobeGUI_autogen/include"/>
					<Add directory="/usr/local/cuda/include"/>
					<Add directory="/usr/local/zed/include"/>
					<Add directory="/usr/local/include/opencv4"/>
					<Add directory="/home/jun/Github/SmartWardrobe/SmartWardrobeGUI/include"/>
					<Add directory="/usr/include/aarch64-linux-gnu/qt5"/>
					<Add directory="/usr/include/aarch64-linux-gnu/qt5/QtWidgets"/>
					<Add directory="/usr/include/aarch64-linux-gnu/qt5/QtGui"/>
					<Add directory="/usr/include/aarch64-linux-gnu/qt5/QtCore"/>
					<Add directory="/usr/lib/aarch64-linux-gnu/qt5/mkspecs/linux-g++"/>
					<Add directory="/usr/include/aarch64-linux-gnu/qt5/QtSql"/>
					<Add directory="/usr/include/aarch64-linux-gnu/qt5/QtSerialPort"/>
					<Add directory="/usr/include/aarch64-linux-gnu/qt5/QtSvg"/>
					<Add directory="/usr/include/c++/7"/>
					<Add directory="/usr/include/aarch64-linux-gnu/c++/7"/>
					<Add directory="/usr/include/c++/7/backward"/>
					<Add directory="/usr/lib/gcc/aarch64-linux-gnu/7/include"/>
					<Add directory="/usr/local/include"/>
					<Add directory="/usr/lib/gcc/aarch64-linux-gnu/7/include-fixed"/>
					<Add directory="/usr/include/aarch64-linux-gnu"/>
					<Add directory="/usr/include"/>
				</Compiler>
				<MakeCommands>
					<Build command="/usr/bin/make -j8 -f &quot;/home/jun/Github/SmartWardrobe/build-SmartWardrobeGUI-Desktop-Default/Makefile&quot;  VERBOSE=1 SmartWardrobeGUI"/>
					<CompileFile command="/usr/bin/make -j8 -f &quot;/home/jun/Github/SmartWardrobe/build-SmartWardrobeGUI-Desktop-Default/Makefile&quot;  VERBOSE=1 &quot;$file&quot;"/>
					<Clean command="/usr/bin/make -j8 -f &quot;/home/jun/Github/SmartWardrobe/build-SmartWardrobeGUI-Desktop-Default/Makefile&quot;  VERBOSE=1 clean"/>
					<DistClean command="/usr/bin/make -j8 -f &quot;/home/jun/Github/SmartWardrobe/build-SmartWardrobeGUI-Desktop-Default/Makefile&quot;  VERBOSE=1 clean"/>
				</MakeCommands>
			</Target>
			<Target title="SmartWardrobeGUI/fast">
				<Option output="/home/jun/Github/SmartWardrobe/build-SmartWardrobeGUI-Desktop-Default/SmartWardrobeGUI" prefix_auto="0" extension_auto="0"/>
				<Option working_dir="/home/jun/Github/SmartWardrobe/build-SmartWardrobeGUI-Desktop-Default"/>
				<Option object_output="./"/>
				<Option type="0"/>
				<Option compiler="gcc"/>
				<Compiler>
					<Add option="-DQT_WIDGETS_LIB"/>
					<Add option="-DQT_GUI_LIB"/>
					<Add option="-DQT_CORE_LIB"/>
					<Add option="-DQT_NO_DEBUG"/>
					<Add option="-DQT_SQL_LIB"/>
					<Add option="-DQT_SERIALPORT_LIB"/>
					<Add option="-DQT_SVG_LIB"/>
					<Add directory="/home/jun/Github/SmartWardrobe/build-SmartWardrobeGUI-Desktop-Default"/>
					<Add directory="/home/jun/Github/SmartWardrobe/SmartWardrobeGUI"/>
					<Add directory="/home/jun/Github/SmartWardrobe/build-SmartWardrobeGUI-Desktop-Default/SmartWardrobeGUI_autogen/include"/>
					<Add directory="/usr/local/cuda/include"/>
					<Add directory="/usr/local/zed/include"/>
					<Add directory="/usr/local/include/opencv4"/>
					<Add directory="/home/jun/Github/SmartWardrobe/SmartWardrobeGUI/include"/>
					<Add directory="/usr/include/aarch64-linux-gnu/qt5"/>
					<Add directory="/usr/include/aarch64-linux-gnu/qt5/QtWidgets"/>
					<Add directory="/usr/include/aarch64-linux-gnu/qt5/QtGui"/>
					<Add directory="/usr/include/aarch64-linux-gnu/qt5/QtCore"/>
					<Add directory="/usr/lib/aarch64-linux-gnu/qt5/mkspecs/linux-g++"/>
					<Add directory="/usr/include/aarch64-linux-gnu/qt5/QtSql"/>
					<Add directory="/usr/include/aarch64-linux-gnu/qt5/QtSerialPort"/>
					<Add directory="/usr/include/aarch64-linux-gnu/qt5/QtSvg"/>
					<Add directory="/usr/include/c++/7"/>
					<Add directory="/usr/include/aarch64-linux-gnu/c++/7"/>
					<Add directory="/usr/include/c++/7/backward"/>
					<Add directory="/usr/lib/gcc/aarch64-linux-gnu/7/include"/>
					<Add directory="/usr/local/include"/>
					<Add directory="/usr/lib/gcc/aarch64-linux-gnu/7/include-fixed"/>
					<Add directory="/usr/include/aarch64-linux-gnu"/>
					<Add directory="/usr/include"/>
				</Compiler>
				<MakeCommands>
					<Build command="/usr/bin/make -j8 -f &quot;/home/jun/Github/SmartWardrobe/build-SmartWardrobeGUI-Desktop-Default/Makefile&quot;  VERBOSE=1 SmartWardrobeGUI/fast"/>
					<CompileFile command="/usr/bin/make -j8 -f &quot;/home/jun/Github/SmartWardrobe/build-SmartWardrobeGUI-Desktop-Default/Makefile&quot;  VERBOSE=1 &quot;$file&quot;"/>
					<Clean command="/usr/bin/make -j8 -f &quot;/home/jun/Github/SmartWardrobe/build-SmartWardrobeGUI-Desktop-Default/Makefile&quot;  VERBOSE=1 clean"/>
					<DistClean command="/usr/bin/make -j8 -f &quot;/home/jun/Github/SmartWardrobe/build-SmartWardrobeGUI-Desktop-Default/Makefile&quot;  VERBOSE=1 clean"/>
				</MakeCommands>
			</Target>
			<Target title="edit_cache">
				<Option working_dir="/home/jun/Github/SmartWardrobe/build-SmartWardrobeGUI-Desktop-Default"/>
				<Option type="4"/>
				<MakeCommands>
					<Build command="/usr/bin/make -j8 -f &quot;/home/jun/Github/SmartWardrobe/build-SmartWardrobeGUI-Desktop-Default/Makefile&quot;  VERBOSE=1 edit_cache"/>
					<CompileFile command="/usr/bin/make -j8 -f &quot;/home/jun/Github/SmartWardrobe/build-SmartWardrobeGUI-Desktop-Default/Makefile&quot;  VERBOSE=1 &quot;$file&quot;"/>
					<Clean command="/usr/bin/make -j8 -f &quot;/home/jun/Github/SmartWardrobe/build-SmartWardrobeGUI-Desktop-Default/Makefile&quot;  VERBOSE=1 clean"/>
					<DistClean command="/usr/bin/make -j8 -f &quot;/home/jun/Github/SmartWardrobe/build-SmartWardrobeGUI-Desktop-Default/Makefile&quot;  VERBOSE=1 clean"/>
				</MakeCommands>
			</Target>
			<Target title="SmartWardrobeGUI_autogen">
				<Option working_dir="/home/jun/Github/SmartWardrobe/build-SmartWardrobeGUI-Desktop-Default"/>
				<Option type="4"/>
				<MakeCommands>
					<Build command="/usr/bin/make -j8 -f &quot;/home/jun/Github/SmartWardrobe/build-SmartWardrobeGUI-Desktop-Default/Makefile&quot;  VERBOSE=1 SmartWardrobeGUI_autogen"/>
					<CompileFile command="/usr/bin/make -j8 -f &quot;/home/jun/Github/SmartWardrobe/build-SmartWardrobeGUI-Desktop-Default/Makefile&quot;  VERBOSE=1 &quot;$file&quot;"/>
					<Clean command="/usr/bin/make -j8 -f &quot;/home/jun/Github/SmartWardrobe/build-SmartWardrobeGUI-Desktop-Default/Makefile&quot;  VERBOSE=1 clean"/>
					<DistClean command="/usr/bin/make -j8 -f &quot;/home/jun/Github/SmartWardrobe/build-SmartWardrobeGUI-Desktop-Default/Makefile&quot;  VERBOSE=1 clean"/>
				</MakeCommands>
			</Target>
		</Build>
		<Unit filename="/home/jun/Github/SmartWardrobe/SmartWardrobeGUI/include/AppConstants.h">
			<Option target="SmartWardrobeGUI"/>
		</Unit>
		<Unit filename="/home/jun/Github/SmartWardrobe/SmartWardrobeGUI/include/AppModel.h">
			<Option target="SmartWardrobeGUI"/>
		</Unit>
		<Unit filename="/home/jun/Github/SmartWardrobe/SmartWardrobeGUI/include/MainWindow.h">
			<Option target="SmartWardrobeGUI"/>
		</Unit>
		<Unit filename="/home/jun/Github/SmartWardrobe/SmartWardrobeGUI/include/QAddFaceDialog.h">
			<Option target="SmartWardrobeGUI"/>
		</Unit>
		<Unit filename="/home/jun/Github/SmartWardrobe/SmartWardrobeGUI/include/QCameraCapture.h">
			<Option target="SmartWardrobeGUI"/>
		</Unit>
		<Unit filename="/home/jun/Github/SmartWardrobe/SmartWardrobeGUI/include/QCameraWidget.h">
			<Option target="SmartWardrobeGUI"/>
		</Unit>
		<Unit filename="/home/jun/Github/SmartWardrobe/SmartWardrobeGUI/include/QDataHandler.h">
			<Option target="SmartWardrobeGUI"/>
		</Unit>
		<Unit filename="/home/jun/Github/SmartWardrobe/SmartWardrobeGUI/include/QFaceInfor.h">
			<Option target="SmartWardrobeGUI"/>
		</Unit>
		<Unit filename="/home/jun/Github/SmartWardrobe/SmartWardrobeGUI/include/QFaceInforWidget.h">
			<Option target="SmartWardrobeGUI"/>
		</Unit>
		<Unit filename="/home/jun/Github/SmartWardrobe/SmartWardrobeGUI/include/QFaceRecognition.h">
			<Option target="SmartWardrobeGUI"/>
		</Unit>
		<Unit filename="/home/jun/Github/SmartWardrobe/SmartWardrobeGUI/include/QWardrobeWidget.h">
			<Option target="SmartWardrobeGUI"/>
		</Unit>
		<Unit filename="/home/jun/Github/SmartWardrobe/SmartWardrobeGUI/include/WardrobeDB.h">
			<Option target="SmartWardrobeGUI"/>
		</Unit>
		<Unit filename="/home/jun/Github/SmartWardrobe/SmartWardrobeGUI/src/AppModel.cpp">
			<Option target="SmartWardrobeGUI"/>
		</Unit>
		<Unit filename="/home/jun/Github/SmartWardrobe/SmartWardrobeGUI/src/MainWindow.cpp">
			<Option target="SmartWardrobeGUI"/>
		</Unit>
		<Unit filename="/home/jun/Github/SmartWardrobe/SmartWardrobeGUI/src/QAddFaceDialog.cpp">
			<Option target="SmartWardrobeGUI"/>
		</Unit>
		<Unit filename="/home/jun/Github/SmartWardrobe/SmartWardrobeGUI/src/QCameraCapture.cpp">
			<Option target="SmartWardrobeGUI"/>
		</Unit>
		<Unit filename="/home/jun/Github/SmartWardrobe/SmartWardrobeGUI/src/QCameraWidget.cpp">
			<Option target="SmartWardrobeGUI"/>
		</Unit>
		<Unit filename="/home/jun/Github/SmartWardrobe/SmartWardrobeGUI/src/QDataHandler.cpp">
			<Option target="SmartWardrobeGUI"/>
		</Unit>
		<Unit filename="/home/jun/Github/SmartWardrobe/SmartWardrobeGUI/src/QFaceInfor.cpp">
			<Option target="SmartWardrobeGUI"/>
		</Unit>
		<Unit filename="/home/jun/Github/SmartWardrobe/SmartWardrobeGUI/src/QFaceInforWidget.cpp">
			<Option target="SmartWardrobeGUI"/>
		</Unit>
		<Unit filename="/home/jun/Github/SmartWardrobe/SmartWardrobeGUI/src/QFaceRecognition.cpp">
			<Option target="SmartWardrobeGUI"/>
		</Unit>
		<Unit filename="/home/jun/Github/SmartWardrobe/SmartWardrobeGUI/src/QWardrobeWidget.cpp">
			<Option target="SmartWardrobeGUI"/>
		</Unit>
		<Unit filename="/home/jun/Github/SmartWardrobe/SmartWardrobeGUI/src/WardrobeDB.cpp">
			<Option target="SmartWardrobeGUI"/>
		</Unit>
		<Unit filename="/home/jun/Github/SmartWardrobe/SmartWardrobeGUI/src/main.cpp">
			<Option target="SmartWardrobeGUI"/>
		</Unit>
		<Unit filename="/home/jun/Github/SmartWardrobe/SmartWardrobeGUI/ui/mainwindow.ui">
			<Option target="SmartWardrobeGUI"/>
		</Unit>
		<Unit filename="/home/jun/Github/SmartWardrobe/SmartWardrobeGUI/ui/qaddfacedialog.ui">
			<Option target="SmartWardrobeGUI"/>
		</Unit>
		<Unit filename="/home/jun/Github/SmartWardrobe/SmartWardrobeGUI/ui/qcamerawidget.ui">
			<Option target="SmartWardrobeGUI"/>
		</Unit>
		<Unit filename="/home/jun/Github/SmartWardrobe/SmartWardrobeGUI/ui/qfaceinforwidget.ui">
			<Option target="SmartWardrobeGUI"/>
		</Unit>
		<Unit filename="/home/jun/Github/SmartWardrobe/SmartWardrobeGUI/ui/qwardrobewidget.ui">
			<Option target="SmartWardrobeGUI"/>
		</Unit>
		<Unit filename="/home/jun/Github/SmartWardrobe/build-SmartWardrobeGUI-Desktop-Default/SmartWardrobeGUI_autogen/mocs_compilation.cpp">
			<Option target="SmartWardrobeGUI"/>
		</Unit>
		<Unit filename="/home/jun/Github/SmartWardrobe/build-SmartWardrobeGUI-Desktop-Default/ui_mainwindow.h">
			<Option target="SmartWardrobeGUI"/>
		</Unit>
		<Unit filename="/home/jun/Github/SmartWardrobe/build-SmartWardrobeGUI-Desktop-Default/ui_qaddfacedialog.h">
			<Option target="SmartWardrobeGUI"/>
		</Unit>
		<Unit filename="/home/jun/Github/SmartWardrobe/build-SmartWardrobeGUI-Desktop-Default/ui_qcamerawidget.h">
			<Option target="SmartWardrobeGUI"/>
		</Unit>
		<Unit filename="/home/jun/Github/SmartWardrobe/build-SmartWardrobeGUI-Desktop-Default/ui_qfaceinforwidget.h">
			<Option target="SmartWardrobeGUI"/>
		</Unit>
		<Unit filename="/home/jun/Github/SmartWardrobe/build-SmartWardrobeGUI-Desktop-Default/ui_qwardrobewidget.h">
			<Option target="SmartWardrobeGUI"/>
		</Unit>
		<Unit filename="/home/jun/Github/SmartWardrobe/SmartWardrobeGUI/CMakeLists.txt">
			<Option virtualFolder="CMake Files\"/>
		</Unit>
		<Unit filename="/home/jun/Github/SmartWardrobe/SmartWardrobeGUI/../../../../../usr/lib/aarch64-linux-gnu/cmake/Qt5/Qt5Config.cmake">
			<Option virtualFolder="CMake Files\..\..\..\..\..\usr\lib\aarch64-linux-gnu\cmake\Qt5\"/>
		</Unit>
		<Unit filename="/home/jun/Github/SmartWardrobe/SmartWardrobeGUI/../../../../../usr/lib/aarch64-linux-gnu/cmake/Qt5/Qt5ConfigVersion.cmake">
			<Option virtualFolder="CMake Files\..\..\..\..\..\usr\lib\aarch64-linux-gnu\cmake\Qt5\"/>
		</Unit>
		<Unit filename="/home/jun/Github/SmartWardrobe/SmartWardrobeGUI/../../../../../usr/lib/aarch64-linux-gnu/cmake/Qt5/Qt5ModuleLocation.cmake">
			<Option virtualFolder="CMake Files\..\..\..\..\..\usr\lib\aarch64-linux-gnu\cmake\Qt5\"/>
		</Unit>
		<Unit filename="/home/jun/Github/SmartWardrobe/SmartWardrobeGUI/../../../../../usr/lib/aarch64-linux-gnu/cmake/Qt5Core/Qt5CoreConfig.cmake">
			<Option virtualFolder="CMake Files\..\..\..\..\..\usr\lib\aarch64-linux-gnu\cmake\Qt5Core\"/>
		</Unit>
		<Unit filename="/home/jun/Github/SmartWardrobe/SmartWardrobeGUI/../../../../../usr/lib/aarch64-linux-gnu/cmake/Qt5Core/Qt5CoreConfigExtras.cmake">
			<Option virtualFolder="CMake Files\..\..\..\..\..\usr\lib\aarch64-linux-gnu\cmake\Qt5Core\"/>
		</Unit>
		<Unit filename="/home/jun/Github/SmartWardrobe/SmartWardrobeGUI/../../../../../usr/lib/aarch64-linux-gnu/cmake/Qt5Core/Qt5CoreConfigExtrasMkspecDir.cmake">
			<Option virtualFolder="CMake Files\..\..\..\..\..\usr\lib\aarch64-linux-gnu\cmake\Qt5Core\"/>
		</Unit>
		<Unit filename="/home/jun/Github/SmartWardrobe/SmartWardrobeGUI/../../../../../usr/lib/aarch64-linux-gnu/cmake/Qt5Core/Qt5CoreConfigVersion.cmake">
			<Option virtualFolder="CMake Files\..\..\..\..\..\usr\lib\aarch64-linux-gnu\cmake\Qt5Core\"/>
		</Unit>
		<Unit filename="/home/jun/Github/SmartWardrobe/SmartWardrobeGUI/../../../../../usr/lib/aarch64-linux-gnu/cmake/Qt5Core/Qt5CoreMacros.cmake">
			<Option virtualFolder="CMake Files\..\..\..\..\..\usr\lib\aarch64-linux-gnu\cmake\Qt5Core\"/>
		</Unit>
		<Unit filename="/home/jun/Github/SmartWardrobe/SmartWardrobeGUI/../../../../../usr/lib/aarch64-linux-gnu/cmake/Qt5Widgets/Qt5WidgetsConfig.cmake">
			<Option virtualFolder="CMake Files\..\..\..\..\..\usr\lib\aarch64-linux-gnu\cmake\Qt5Widgets\"/>
		</Unit>
		<Unit filename="/home/jun/Github/SmartWardrobe/SmartWardrobeGUI/../../../../../usr/lib/aarch64-linux-gnu/cmake/Qt5Widgets/Qt5WidgetsConfigExtras.cmake">
			<Option virtualFolder="CMake Files\..\..\..\..\..\usr\lib\aarch64-linux-gnu\cmake\Qt5Widgets\"/>
		</Unit>
		<Unit filename="/home/jun/Github/SmartWardrobe/SmartWardrobeGUI/../../../../../usr/lib/aarch64-linux-gnu/cmake/Qt5Widgets/Qt5WidgetsConfigVersion.cmake">
			<Option virtualFolder="CMake Files\..\..\..\..\..\usr\lib\aarch64-linux-gnu\cmake\Qt5Widgets\"/>
		</Unit>
		<Unit filename="/home/jun/Github/SmartWardrobe/SmartWardrobeGUI/../../../../../usr/lib/aarch64-linux-gnu/cmake/Qt5Widgets/Qt5WidgetsMacros.cmake">
			<Option virtualFolder="CMake Files\..\..\..\..\..\usr\lib\aarch64-linux-gnu\cmake\Qt5Widgets\"/>
		</Unit>
		<Unit filename="/home/jun/Github/SmartWardrobe/SmartWardrobeGUI/../../../../../usr/lib/aarch64-linux-gnu/cmake/Qt5Gui/Qt5GuiConfig.cmake">
			<Option virtualFolder="CMake Files\..\..\..\..\..\usr\lib\aarch64-linux-gnu\cmake\Qt5Gui\"/>
		</Unit>
		<Unit filename="/home/jun/Github/SmartWardrobe/SmartWardrobeGUI/../../../../../usr/lib/aarch64-linux-gnu/cmake/Qt5Gui/Qt5GuiConfigExtras.cmake">
			<Option virtualFolder="CMake Files\..\..\..\..\..\usr\lib\aarch64-linux-gnu\cmake\Qt5Gui\"/>
		</Unit>
		<Unit filename="/home/jun/Github/SmartWardrobe/SmartWardrobeGUI/../../../../../usr/lib/aarch64-linux-gnu/cmake/Qt5Gui/Qt5GuiConfigVersion.cmake">
			<Option virtualFolder="CMake Files\..\..\..\..\..\usr\lib\aarch64-linux-gnu\cmake\Qt5Gui\"/>
		</Unit>
		<Unit filename="/home/jun/Github/SmartWardrobe/SmartWardrobeGUI/../../../../../usr/lib/aarch64-linux-gnu/cmake/Qt5Sql/Qt5SqlConfig.cmake">
			<Option virtualFolder="CMake Files\..\..\..\..\..\usr\lib\aarch64-linux-gnu\cmake\Qt5Sql\"/>
		</Unit>
		<Unit filename="/home/jun/Github/SmartWardrobe/SmartWardrobeGUI/../../../../../usr/lib/aarch64-linux-gnu/cmake/Qt5Sql/Qt5SqlConfigVersion.cmake">
			<Option virtualFolder="CMake Files\..\..\..\..\..\usr\lib\aarch64-linux-gnu\cmake\Qt5Sql\"/>
		</Unit>
		<Unit filename="/home/jun/Github/SmartWardrobe/SmartWardrobeGUI/../../../../../usr/lib/aarch64-linux-gnu/cmake/Qt5SerialPort/Qt5SerialPortConfig.cmake">
			<Option virtualFolder="CMake Files\..\..\..\..\..\usr\lib\aarch64-linux-gnu\cmake\Qt5SerialPort\"/>
		</Unit>
		<Unit filename="/home/jun/Github/SmartWardrobe/SmartWardrobeGUI/../../../../../usr/lib/aarch64-linux-gnu/cmake/Qt5SerialPort/Qt5SerialPortConfigVersion.cmake">
			<Option virtualFolder="CMake Files\..\..\..\..\..\usr\lib\aarch64-linux-gnu\cmake\Qt5SerialPort\"/>
		</Unit>
		<Unit filename="/home/jun/Github/SmartWardrobe/SmartWardrobeGUI/../../../../../usr/lib/aarch64-linux-gnu/cmake/Qt5Svg/Qt5SvgConfig.cmake">
			<Option virtualFolder="CMake Files\..\..\..\..\..\usr\lib\aarch64-linux-gnu\cmake\Qt5Svg\"/>
		</Unit>
		<Unit filename="/home/jun/Github/SmartWardrobe/SmartWardrobeGUI/../../../../../usr/lib/aarch64-linux-gnu/cmake/Qt5Svg/Qt5SvgConfigVersion.cmake">
			<Option virtualFolder="CMake Files\..\..\..\..\..\usr\lib\aarch64-linux-gnu\cmake\Qt5Svg\"/>
		</Unit>
		<Unit filename="/home/jun/Github/SmartWardrobe/SmartWardrobeGUI/../../../../../usr/lib/aarch64-linux-gnu/cmake/Qt5Svg/Qt5Svg_QSvgIconPlugin.cmake">
			<Option virtualFolder="CMake Files\..\..\..\..\..\usr\lib\aarch64-linux-gnu\cmake\Qt5Svg\"/>
		</Unit>
		<Unit filename="/home/jun/Github/SmartWardrobe/SmartWardrobeGUI/../../../../../usr/lib/aarch64-linux-gnu/cmake/Qt5Svg/Qt5Svg_QSvgPlugin.cmake">
			<Option virtualFolder="CMake Files\..\..\..\..\..\usr\lib\aarch64-linux-gnu\cmake\Qt5Svg\"/>
		</Unit>
		<Unit filename="/home/jun/Github/SmartWardrobe/SmartWardrobeGUI/../../../../../usr/local/zed/zed-config-version.cmake">
			<Option virtualFolder="CMake Files\..\..\..\..\..\usr\local\zed\"/>
		</Unit>
		<Unit filename="/home/jun/Github/SmartWardrobe/SmartWardrobeGUI/../../../../../usr/local/zed/zed-config.cmake">
			<Option virtualFolder="CMake Files\..\..\..\..\..\usr\local\zed\"/>
		</Unit>
		<Unit filename="/home/jun/Github/SmartWardrobe/SmartWardrobeGUI/../../../../../usr/local/lib/cmake/opencv4/OpenCVConfig-version.cmake">
			<Option virtualFolder="CMake Files\..\..\..\..\..\usr\local\lib\cmake\opencv4\"/>
		</Unit>
		<Unit filename="/home/jun/Github/SmartWardrobe/SmartWardrobeGUI/../../../../../usr/local/lib/cmake/opencv4/OpenCVConfig.cmake">
			<Option virtualFolder="CMake Files\..\..\..\..\..\usr\local\lib\cmake\opencv4\"/>
		</Unit>
		<Unit filename="/home/jun/Github/SmartWardrobe/SmartWardrobeGUI/../../../../../usr/local/lib/cmake/opencv4/OpenCVModules-release.cmake">
			<Option virtualFolder="CMake Files\..\..\..\..\..\usr\local\lib\cmake\opencv4\"/>
		</Unit>
		<Unit filename="/home/jun/Github/SmartWardrobe/SmartWardrobeGUI/../../../../../usr/local/lib/cmake/opencv4/OpenCVModules.cmake">
			<Option virtualFolder="CMake Files\..\..\..\..\..\usr\local\lib\cmake\opencv4\"/>
		</Unit>
	</Project>
</CodeBlocks_project_file>
